
Microsoft Visual Studio Solution File, Format Version 12.00
#
Project("{FAE04EC0-301F-11D3-BF4B-00C04F79EFBC}") = "Meadow", "Meadow\Meadow.csproj", "{85B53D4D-A410-4573-A49D-23EF1BD3E167}"
EndProject
Project("{2150E333-8FDC-42A3-9474-1A3956D46DE8}") = "Documentation", "Documentation", "{4EC7AF28-92F5-47AB-BE1D-6C660D5C0466}"
	ProjectSection(SolutionItems) = preProject
		Changelog.md = Changelog.md
		Readme.md = Readme.md
		.gitignore = .gitignore
	EndProjectSection
EndProject
Project("{FAE04EC0-301F-11D3-BF4B-00C04F79EFBC}") = "Meadow.Test.Functional", "Meadow.Test.Functional\Meadow.Test.Functional.csproj", "{91318B80-E58A-4191-946E-E17B3C364DAF}"
EndProject
Project("{FAE04EC0-301F-11D3-BF4B-00C04F79EFBC}") = "Meadow.Tools.Assistant", "Meadow.Tools.Assistant\Meadow.Tools.Assistant.csproj", "{2D12AEC6-7698-4EC1-8C43-EF9B7AC1B43F}"
EndProject
Project("{FAE04EC0-301F-11D3-BF4B-00C04F79EFBC}") = "Meadow.SQLite", "Meadow.SQLite\Meadow.SQLite.csproj", "{82BE5C33-BA29-4F13-8F18-EA9E7F829A34}"
EndProject
Project("{FAE04EC0-301F-11D3-BF4B-00C04F79EFBC}") = "Meadow.SqlServer", "Meadow.SqlServer\Meadow.SqlServer.csproj", "{C19204D1-0D11-4E78-8611-9273B044BF2A}"
EndProject
Project("{FAE04EC0-301F-11D3-BF4B-00C04F79EFBC}") = "Meadow.MySql", "Meadow.MySql\Meadow.MySql.csproj", "{D2457DAC-1E49-48CF-89E6-A70E33E96812}"
EndProject
Project("{FAE04EC0-301F-11D3-BF4B-00C04F79EFBC}") = "Example.Async.SqlServer", "Example.Async.SqlServer\Example.Async.SqlServer.csproj", "{B735BB25-9247-43EF-A10B-B476F0858990}"
EndProject
Project("{FAE04EC0-301F-11D3-BF4B-00C04F79EFBC}") = "Example.SqLite", "Example.SqLite\Example.SqLite.csproj", "{42F3D93F-74A3-443D-94E7-AF8B4BF5B3B7}"
EndProject
Project("{FAE04EC0-301F-11D3-BF4B-00C04F79EFBC}") = "Example.MySql", "Example.MySql\Example.MySql.csproj", "{EA1B15D3-D286-4A4A-BC2B-1273D649BFB1}"
EndProject
Project("{FAE04EC0-301F-11D3-BF4B-00C04F79EFBC}") = "Meadow.Postgre", "Meadow.Postgre\Meadow.Postgre.csproj", "{7D5ECB3F-C056-4718-AAD0-E598580FDB20}"
EndProject
Project("{FAE04EC0-301F-11D3-BF4B-00C04F79EFBC}") = "Example.Postgre", "Example.Postgre\Example.Postgre.csproj", "{ABAB10CB-5A24-4FDC-850E-3E14D09A2889}"
EndProject
Project("{FAE04EC0-301F-11D3-BF4B-00C04F79EFBC}") = "Example.AlteredType", "Example.AlteredType\Example.AlteredType.csproj", "{570FF7CB-FD19-43C9-95EB-6617DDF9B6B8}"
EndProject
Project("{FAE04EC0-301F-11D3-BF4B-00C04F79EFBC}") = "Example.SqlServer", "Example.SqlServer\Example.SqlServer.csproj", "{71153B50-0A5B-4E4E-9D4D-6486DC08CD4B}"
EndProject
Project("{FAE04EC0-301F-11D3-BF4B-00C04F79EFBC}") = "Example.Macros.MySql", "Example.Macros.MySql\Example.Macros.MySql.csproj", "{5F6B8538-1482-44DA-9A59-C5054DBEBA1C}"
EndProject
Global
	GlobalSection(SolutionConfigurationPlatforms) = preSolution
		Debug|Any CPU = Debug|Any CPU
		Release|Any CPU = Release|Any CPU
	EndGlobalSection
	GlobalSection(ProjectConfigurationPlatforms) = postSolution
		{85B53D4D-A410-4573-A49D-23EF1BD3E167}.Debug|Any CPU.ActiveCfg = Debug|Any CPU
		{85B53D4D-A410-4573-A49D-23EF1BD3E167}.Debug|Any CPU.Build.0 = Debug|Any CPU
		{85B53D4D-A410-4573-A49D-23EF1BD3E167}.Release|Any CPU.ActiveCfg = Release|Any CPU
		{85B53D4D-A410-4573-A49D-23EF1BD3E167}.Release|Any CPU.Build.0 = Release|Any CPU
		{91318B80-E58A-4191-946E-E17B3C364DAF}.Debug|Any CPU.ActiveCfg = Debug|Any CPU
		{91318B80-E58A-4191-946E-E17B3C364DAF}.Debug|Any CPU.Build.0 = Debug|Any CPU
		{91318B80-E58A-4191-946E-E17B3C364DAF}.Release|Any CPU.ActiveCfg = Release|Any CPU
		{91318B80-E58A-4191-946E-E17B3C364DAF}.Release|Any CPU.Build.0 = Release|Any CPU
		{2D12AEC6-7698-4EC1-8C43-EF9B7AC1B43F}.Debug|Any CPU.ActiveCfg = Debug|Any CPU
		{2D12AEC6-7698-4EC1-8C43-EF9B7AC1B43F}.Debug|Any CPU.Build.0 = Debug|Any CPU
		{2D12AEC6-7698-4EC1-8C43-EF9B7AC1B43F}.Release|Any CPU.ActiveCfg = Release|Any CPU
		{2D12AEC6-7698-4EC1-8C43-EF9B7AC1B43F}.Release|Any CPU.Build.0 = Release|Any CPU
		{82BE5C33-BA29-4F13-8F18-EA9E7F829A34}.Debug|Any CPU.ActiveCfg = Debug|Any CPU
		{82BE5C33-BA29-4F13-8F18-EA9E7F829A34}.Debug|Any CPU.Build.0 = Debug|Any CPU
		{82BE5C33-BA29-4F13-8F18-EA9E7F829A34}.Release|Any CPU.ActiveCfg = Release|Any CPU
		{82BE5C33-BA29-4F13-8F18-EA9E7F829A34}.Release|Any CPU.Build.0 = Release|Any CPU
		{C19204D1-0D11-4E78-8611-9273B044BF2A}.Debug|Any CPU.ActiveCfg = Debug|Any CPU
		{C19204D1-0D11-4E78-8611-9273B044BF2A}.Debug|Any CPU.Build.0 = Debug|Any CPU
		{C19204D1-0D11-4E78-8611-9273B044BF2A}.Release|Any CPU.ActiveCfg = Release|Any CPU
		{C19204D1-0D11-4E78-8611-9273B044BF2A}.Release|Any CPU.Build.0 = Release|Any CPU
		{D2457DAC-1E49-48CF-89E6-A70E33E96812}.Debug|Any CPU.ActiveCfg = Debug|Any CPU
		{D2457DAC-1E49-48CF-89E6-A70E33E96812}.Debug|Any CPU.Build.0 = Debug|Any CPU
		{D2457DAC-1E49-48CF-89E6-A70E33E96812}.Release|Any CPU.ActiveCfg = Release|Any CPU
		{D2457DAC-1E49-48CF-89E6-A70E33E96812}.Release|Any CPU.Build.0 = Release|Any CPU
		{B735BB25-9247-43EF-A10B-B476F0858990}.Debug|Any CPU.ActiveCfg = Debug|Any CPU
		{B735BB25-9247-43EF-A10B-B476F0858990}.Debug|Any CPU.Build.0 = Debug|Any CPU
		{B735BB25-9247-43EF-A10B-B476F0858990}.Release|Any CPU.ActiveCfg = Release|Any CPU
		{B735BB25-9247-43EF-A10B-B476F0858990}.Release|Any CPU.Build.0 = Release|Any CPU
		{42F3D93F-74A3-443D-94E7-AF8B4BF5B3B7}.Debug|Any CPU.ActiveCfg = Debug|Any CPU
		{42F3D93F-74A3-443D-94E7-AF8B4BF5B3B7}.Debug|Any CPU.Build.0 = Debug|Any CPU
		{42F3D93F-74A3-443D-94E7-AF8B4BF5B3B7}.Release|Any CPU.ActiveCfg = Release|Any CPU
		{42F3D93F-74A3-443D-94E7-AF8B4BF5B3B7}.Release|Any CPU.Build.0 = Release|Any CPU
		{EA1B15D3-D286-4A4A-BC2B-1273D649BFB1}.Debug|Any CPU.ActiveCfg = Debug|Any CPU
		{EA1B15D3-D286-4A4A-BC2B-1273D649BFB1}.Debug|Any CPU.Build.0 = Debug|Any CPU
		{EA1B15D3-D286-4A4A-BC2B-1273D649BFB1}.Release|Any CPU.ActiveCfg = Release|Any CPU
		{EA1B15D3-D286-4A4A-BC2B-1273D649BFB1}.Release|Any CPU.Build.0 = Release|Any CPU
		{7D5ECB3F-C056-4718-AAD0-E598580FDB20}.Debug|Any CPU.ActiveCfg = Debug|Any CPU
		{7D5ECB3F-C056-4718-AAD0-E598580FDB20}.Debug|Any CPU.Build.0 = Debug|Any CPU
		{7D5ECB3F-C056-4718-AAD0-E598580FDB20}.Release|Any CPU.ActiveCfg = Release|Any CPU
		{7D5ECB3F-C056-4718-AAD0-E598580FDB20}.Release|Any CPU.Build.0 = Release|Any CPU
		{ABAB10CB-5A24-4FDC-850E-3E14D09A2889}.Debug|Any CPU.ActiveCfg = Debug|Any CPU
		{ABAB10CB-5A24-4FDC-850E-3E14D09A2889}.Debug|Any CPU.Build.0 = Debug|Any CPU
		{ABAB10CB-5A24-4FDC-850E-3E14D09A2889}.Release|Any CPU.ActiveCfg = Release|Any CPU
		{ABAB10CB-5A24-4FDC-850E-3E14D09A2889}.Release|Any CPU.Build.0 = Release|Any CPU
		{570FF7CB-FD19-43C9-95EB-6617DDF9B6B8}.Debug|Any CPU.ActiveCfg = Debug|Any CPU
		{570FF7CB-FD19-43C9-95EB-6617DDF9B6B8}.Debug|Any CPU.Build.0 = Debug|Any CPU
		{570FF7CB-FD19-43C9-95EB-6617DDF9B6B8}.Release|Any CPU.ActiveCfg = Release|Any CPU
		{570FF7CB-FD19-43C9-95EB-6617DDF9B6B8}.Release|Any CPU.Build.0 = Release|Any CPU
		{71153B50-0A5B-4E4E-9D4D-6486DC08CD4B}.Debug|Any CPU.ActiveCfg = Debug|Any CPU
		{71153B50-0A5B-4E4E-9D4D-6486DC08CD4B}.Debug|Any CPU.Build.0 = Debug|Any CPU
		{71153B50-0A5B-4E4E-9D4D-6486DC08CD4B}.Release|Any CPU.ActiveCfg = Release|Any CPU
		{71153B50-0A5B-4E4E-9D4D-6486DC08CD4B}.Release|Any CPU.Build.0 = Release|Any CPU
		{5F6B8538-1482-44DA-9A59-C5054DBEBA1C}.Debug|Any CPU.ActiveCfg = Debug|Any CPU
		{5F6B8538-1482-44DA-9A59-C5054DBEBA1C}.Debug|Any CPU.Build.0 = Debug|Any CPU
		{5F6B8538-1482-44DA-9A59-C5054DBEBA1C}.Release|Any CPU.ActiveCfg = Release|Any CPU
		{5F6B8538-1482-44DA-9A59-C5054DBEBA1C}.Release|Any CPU.Build.0 = Release|Any CPU
	EndGlobalSection
EndGlobal
