
Microsoft Visual Studio Solution File, Format Version 12.00
# 
Project("{FAE04EC0-301F-11D3-BF4B-00C04F79EFBC}") = "Meadow", "Meadow\Meadow.csproj", "{85B53D4D-A410-4573-A49D-23EF1BD3E167}"
EndProject
Project("{2150E333-8FDC-42A3-9474-1A3956D46DE8}") = "Documentation", "Documentation", "{4EC7AF28-92F5-47AB-BE1D-6C660D5C0466}"
	ProjectSection(SolutionItems) = preProject
		Changelog.md = Changelog.md
		Readme.md = Readme.md
	EndProjectSection
EndProject
Project("{FAE04EC0-301F-11D3-BF4B-00C04F79EFBC}") = "Meadow.Test.Functional", "Meadow.Test.Functional\Meadow.Test.Functional.csproj", "{91318B80-E58A-4191-946E-E17B3C364DAF}"
EndProject
Global
	GlobalSection(SolutionConfigurationPlatforms) = preSolution
		Debug|Any CPU = Debug|Any CPU
		Release|Any CPU = Release|Any CPU
	EndGlobalSection
	GlobalSection(ProjectConfigurationPlatforms) = postSolution
		{85B53D4D-A410-4573-A49D-23EF1BD3E167}.Debug|Any CPU.ActiveCfg = Debug|Any CPU
		{85B53D4D-A410-4573-A49D-23EF1BD3E167}.Debug|Any CPU.Build.0 = Debug|Any CPU
		{85B53D4D-A410-4573-A49D-23EF1BD3E167}.Release|Any CPU.ActiveCfg = Release|Any CPU
		{85B53D4D-A410-4573-A49D-23EF1BD3E167}.Release|Any CPU.Build.0 = Release|Any CPU
		{91318B80-E58A-4191-946E-E17B3C364DAF}.Debug|Any CPU.ActiveCfg = Debug|Any CPU
		{91318B80-E58A-4191-946E-E17B3C364DAF}.Debug|Any CPU.Build.0 = Debug|Any CPU
		{91318B80-E58A-4191-946E-E17B3C364DAF}.Release|Any CPU.ActiveCfg = Release|Any CPU
		{91318B80-E58A-4191-946E-E17B3C364DAF}.Release|Any CPU.Build.0 = Release|Any CPU
	EndGlobalSection
EndGlobal
